Microsoft Visual Studio Solution File, Format Version 12.00
# Visual Studio Version 17
VisualStudioVersion = 17.5.2.0
MinimumVisualStudioVersion = 10.0.40219.1
Project("{2150E333-8FDC-42A3-9474-1A3956D46DE8}") = "Assignment", "Assignment", "{9AD56520-CC69-D13B-DD50-24A91D5BFBA7}"
EndProject
Project("{2150E333-8FDC-42A3-9474-1A3956D46DE8}") = "Multi-Catalog-Bill-Generator-System", "Multi-Catalog-Bill-Generator-System", "{DDD74FB7-0E8C-2ECA-DE27-7A4587F6E35B}"
EndProject
Project("{2150E333-8FDC-42A3-9474-1A3956D46DE8}") = "backend", "backend", "{58C0AE7E-F74D-43B9-461A-FCA5F3DEE604}"
EndProject
Project("{FAE04EC0-301F-11D3-BF4B-00C04F79EFBC}") = "MultiBillGenerator", "Assignment\Multi-Catalog-Bill-Generator-System\backend\MultiBillGenerator.csproj", "{C254F124-D561-D29C-310B-FFE505A87BA8}"
EndProject
Global
	GlobalSection(SolutionConfigurationPlatforms) = preSolution
		Debug|Any CPU = Debug|Any CPU
		Release|Any CPU = Release|Any CPU
	EndGlobalSection
	GlobalSection(ProjectConfigurationPlatforms) = postSolution
		{C254F124-D561-D29C-310B-FFE505A87BA8}.Debug|Any CPU.ActiveCfg = Debug|Any CPU
		{C254F124-D561-D29C-310B-FFE505A87BA8}.Debug|Any CPU.Build.0 = Debug|Any CPU
		{C254F124-D561-D29C-310B-FFE505A87BA8}.Release|Any CPU.ActiveCfg = Release|Any CPU
		{C254F124-D561-D29C-310B-FFE505A87BA8}.Release|Any CPU.Build.0 = Release|Any CPU
	EndGlobalSection
	GlobalSection(SolutionProperties) = preSolution
		HideSolutionNode = FALSE
	EndGlobalSection
	GlobalSection(NestedProjects) = preSolution
		{DDD74FB7-0E8C-2ECA-DE27-7A4587F6E35B} = {9AD56520-CC69-D13B-DD50-24A91D5BFBA7}
		{58C0AE7E-F74D-43B9-461A-FCA5F3DEE604} = {DDD74FB7-0E8C-2ECA-DE27-7A4587F6E35B}
		{C254F124-D561-D29C-310B-FFE505A87BA8} = {58C0AE7E-F74D-43B9-461A-FCA5F3DEE604}
	EndGlobalSection
	GlobalSection(ExtensibilityGlobals) = postSolution
		SolutionGuid = {216A3EAE-F1ED-4435-959F-A0227CE5E7F9}
	EndGlobalSection
EndGlobal
