Microsoft Visual Studio Solution File, Format Version 12.00
# Visual Studio Version 17
VisualStudioVersion = 17.5.2.0
MinimumVisualStudioVersion = 10.0.40219.1
Project("{FAE04EC0-301F-11D3-BF4B-00C04F79EFBC}") = "Assessment", "Assessment\Assessment.csproj", "{0FB0D120-8E57-9187-CBA6-22EC812B93B7}"
EndProject
Global
	GlobalSection(SolutionConfigurationPlatforms) = preSolution
		Debug|Any CPU = Debug|Any CPU
		Release|Any CPU = Release|Any CPU
	EndGlobalSection
	GlobalSection(ProjectConfigurationPlatforms) = postSolution
		{0FB0D120-8E57-9187-CBA6-22EC812B93B7}.Debug|Any CPU.ActiveCfg = Debug|Any CPU
		{0FB0D120-8E57-9187-CBA6-22EC812B93B7}.Debug|Any CPU.Build.0 = Debug|Any CPU
		{0FB0D120-8E57-9187-CBA6-22EC812B93B7}.Release|Any CPU.ActiveCfg = Release|Any CPU
		{0FB0D120-8E57-9187-CBA6-22EC812B93B7}.Release|Any CPU.Build.0 = Release|Any CPU
	EndGlobalSection
	GlobalSection(SolutionProperties) = preSolution
		HideSolutionNode = FALSE
	EndGlobalSection
	GlobalSection(ExtensibilityGlobals) = postSolution
		SolutionGuid = {95254028-D012-4EED-A906-22371823E6DA}
	EndGlobalSection
EndGlobal
